// !$*UTF8*$!
{
	archiveVersion = 1;
	classes = {
	};
	objectVersion = 46;
	objects = {

/* Begin PBXBuildFile section */
		525B46011BBE853C001EE6A3 /* main.m in Sources */ = {isa = PBXBuildFile; fileRef = 525B46001BBE853C001EE6A3 /* main.m */; };
		525B46041BBE853C001EE6A3 /* AppDelegate.m in Sources */ = {isa = PBXBuildFile; fileRef = 525B46031BBE853C001EE6A3 /* AppDelegate.m */; };
		525B46071BBE853C001EE6A3 /* ______Demo.xcdatamodeld in Sources */ = {isa = PBXBuildFile; fileRef = 525B46051BBE853C001EE6A3 /* ______Demo.xcdatamodeld */; };
		525B460A1BBE853C001EE6A3 /* ViewController.m in Sources */ = {isa = PBXBuildFile; fileRef = 525B46091BBE853C001EE6A3 /* ViewController.m */; };
		525B460D1BBE853C001EE6A3 /* Main.storyboard in Resources */ = {isa = PBXBuildFile; fileRef = 525B460B1BBE853C001EE6A3 /* Main.storyboard */; };
		525B460F1BBE853C001EE6A3 /* Images.xcassets in Resources */ = {isa = PBXBuildFile; fileRef = 525B460E1BBE853C001EE6A3 /* Images.xcassets */; };
		525B46121BBE853C001EE6A3 /* LaunchScreen.xib in Resources */ = {isa = PBXBuildFile; fileRef = 525B46101BBE853C001EE6A3 /* LaunchScreen.xib */; };
		525B461E1BBE853C001EE6A3 /* ______DemoTests.m in Sources */ = {isa = PBXBuildFile; fileRef = 525B461D1BBE853C001EE6A3 /* ______DemoTests.m */; };
		52845F5A1BC0E67700D88FC8 /* TopScrollView.m in Sources */ = {isa = PBXBuildFile; fileRef = 52845F591BC0E67700D88FC8 /* TopScrollView.m */; };
/* End PBXBuildFile section */

/* Begin PBXContainerItemProxy section */
		525B46181BBE853C001EE6A3 /* PBXContainerItemProxy */ = {
			isa = PBXContainerItemProxy;
			containerPortal = 525B45F31BBE853C001EE6A3 /* Project object */;
			proxyType = 1;
			remoteGlobalIDString = 525B45FA1BBE853C001EE6A3;
			remoteInfo = "我的世界资讯Demo";
		};
/* End PBXContainerItemProxy section */

/* Begin PBXFileReference section */
		525B45FB1BBE853C001EE6A3 /* 我的世界资讯Demo.app */ = {isa = PBXFileReference; explicitFileType = wrapper.application; includeInIndex = 0; path = "我的世界资讯Demo.app"; sourceTree = BUILT_PRODUCTS_DIR; };
		525B45FF1BBE853C001EE6A3 /* Info.plist */ = {isa = PBXFileReference; lastKnownFileType = text.plist.xml; path = Info.plist; sourceTree = "<group>"; };
		525B46001BBE853C001EE6A3 /* main.m */ = {isa = PBXFileReference; lastKnownFileType = sourcecode.c.objc; path = main.m; sourceTree = "<group>"; };
		525B46021BBE853C001EE6A3 /* AppDelegate.h */ = {isa = PBXFileReference; lastKnownFileType = sourcecode.c.h; path = AppDelegate.h; sourceTree = "<group>"; };
		525B46031BBE853C001EE6A3 /* AppDelegate.m */ = {isa = PBXFileReference; lastKnownFileType = sourcecode.c.objc; path = AppDelegate.m; sourceTree = "<group>"; };
		525B46061BBE853C001EE6A3 /* ______Demo.xcdatamodel */ = {isa = PBXFileReference; lastKnownFileType = wrapper.xcdatamodel; path = "______Demo.xcdatamodel"; sourceTree = "<group>"; };
		525B46081BBE853C001EE6A3 /* ViewController.h */ = {isa = PBXFileReference; lastKnownFileType = sourcecode.c.h; path = ViewController.h; sourceTree = "<group>"; };
		525B46091BBE853C001EE6A3 /* ViewController.m */ = {isa = PBXFileReference; lastKnownFileType = sourcecode.c.objc; path = ViewController.m; sourceTree = "<group>"; };
		525B460C1BBE853C001EE6A3 /* Base */ = {isa = PBXFileReference; lastKnownFileType = file.storyboard; name = Base; path = Base.lproj/Main.storyboard; sourceTree = "<group>"; };
		525B460E1BBE853C001EE6A3 /* Images.xcassets */ = {isa = PBXFileReference; lastKnownFileType = folder.assetcatalog; path = Images.xcassets; sourceTree = "<group>"; };
		525B46111BBE853C001EE6A3 /* Base */ = {isa = PBXFileReference; lastKnownFileType = file.xib; name = Base; path = Base.lproj/LaunchScreen.xib; sourceTree = "<group>"; };
		525B46171BBE853C001EE6A3 /* 我的世界资讯DemoTests.xctest */ = {isa = PBXFileReference; explicitFileType = wrapper.cfbundle; includeInIndex = 0; path = "我的世界资讯DemoTests.xctest"; sourceTree = BUILT_PRODUCTS_DIR; };
		525B461C1BBE853C001EE6A3 /* Info.plist */ = {isa = PBXFileReference; lastKnownFileType = text.plist.xml; path = Info.plist; sourceTree = "<group>"; };
		525B461D1BBE853C001EE6A3 /* ______DemoTests.m */ = {isa = PBXFileReference; lastKnownFileType = sourcecode.c.objc; path = "______DemoTests.m"; sourceTree = "<group>"; };
		52845F581BC0E67700D88FC8 /* TopScrollView.h */ = {isa = PBXFileReference; fileEncoding = 4; lastKnownFileType = sourcecode.c.h; path = TopScrollView.h; sourceTree = "<group>"; };
		52845F591BC0E67700D88FC8 /* TopScrollView.m */ = {isa = PBXFileReference; fileEncoding = 4; lastKnownFileType = sourcecode.c.objc; path = TopScrollView.m; sourceTree = "<group>"; };
/* End PBXFileReference section */

/* Begin PBXFrameworksBuildPhase section */
		525B45F81BBE853C001EE6A3 /* Frameworks */ = {
			isa = PBXFrameworksBuildPhase;
			buildActionMask = 2147483647;
			files = (
			);
			runOnlyForDeploymentPostprocessing = 0;
		};
		525B46141BBE853C001EE6A3 /* Frameworks */ = {
			isa = PBXFrameworksBuildPhase;
			buildActionMask = 2147483647;
			files = (
			);
			runOnlyForDeploymentPostprocessing = 0;
		};
/* End PBXFrameworksBuildPhase section */

/* Begin PBXGroup section */
		525B45F21BBE853C001EE6A3 = {
			isa = PBXGroup;
			children = (
				525B45FD1BBE853C001EE6A3 /* 我的世界资讯Demo */,
				525B461A1BBE853C001EE6A3 /* 我的世界资讯DemoTests */,
				525B45FC1BBE853C001EE6A3 /* Products */,
			);
			sourceTree = "<group>";
		};
		525B45FC1BBE853C001EE6A3 /* Products */ = {
			isa = PBXGroup;
			children = (
				525B45FB1BBE853C001EE6A3 /* 我的世界资讯Demo.app */,
				525B46171BBE853C001EE6A3 /* 我的世界资讯DemoTests.xctest */,
			);
			name = Products;
			sourceTree = "<group>";
		};
		525B45FD1BBE853C001EE6A3 /* 我的世界资讯Demo */ = {
			isa = PBXGroup;
			children = (
				525B46021BBE853C001EE6A3 /* AppDelegate.h */,
				525B46031BBE853C001EE6A3 /* AppDelegate.m */,
				525B46081BBE853C001EE6A3 /* ViewController.h */,
				525B46091BBE853C001EE6A3 /* ViewController.m */,
				52845F581BC0E67700D88FC8 /* TopScrollView.h */,
				52845F591BC0E67700D88FC8 /* TopScrollView.m */,
				525B460B1BBE853C001EE6A3 /* Main.storyboard */,
				525B460E1BBE853C001EE6A3 /* Images.xcassets */,
				525B46101BBE853C001EE6A3 /* LaunchScreen.xib */,
				525B46051BBE853C001EE6A3 /* ______Demo.xcdatamodeld */,
				525B45FE1BBE853C001EE6A3 /* Supporting Files */,
			);
			path = "我的世界资讯Demo";
			sourceTree = "<group>";
		};
		525B45FE1BBE853C001EE6A3 /* Supporting Files */ = {
			isa = PBXGroup;
			children = (
				525B45FF1BBE853C001EE6A3 /* Info.plist */,
				525B46001BBE853C001EE6A3 /* main.m */,
			);
			name = "Supporting Files";
			sourceTree = "<group>";
		};
		525B461A1BBE853C001EE6A3 /* 我的世界资讯DemoTests */ = {
			isa = PBXGroup;
			children = (
				525B461D1BBE853C001EE6A3 /* ______DemoTests.m */,
				525B461B1BBE853C001EE6A3 /* Supporting Files */,
			);
			path = "我的世界资讯DemoTests";
			sourceTree = "<group>";
		};
		525B461B1BBE853C001EE6A3 /* Supporting Files */ = {
			isa = PBXGroup;
			children = (
				525B461C1BBE853C001EE6A3 /* Info.plist */,
			);
			name = "Supporting Files";
			sourceTree = "<group>";
		};
/* End PBXGroup section */

/* Begin PBXNativeTarget section */
		525B45FA1BBE853C001EE6A3 /* 我的世界资讯Demo */ = {
			isa = PBXNativeTarget;
			buildConfigurationList = 525B46211BBE853C001EE6A3 /* Build configuration list for PBXNativeTarget "我的世界资讯Demo" */;
			buildPhases = (
				525B45F71BBE853C001EE6A3 /* Sources */,
				525B45F81BBE853C001EE6A3 /* Frameworks */,
				525B45F91BBE853C001EE6A3 /* Resources */,
			);
			buildRules = (
			);
			dependencies = (
			);
			name = "我的世界资讯Demo";
			productName = "我的世界资讯Demo";
			productReference = 525B45FB1BBE853C001EE6A3 /* 我的世界资讯Demo.app */;
			productType = "com.apple.product-type.application";
		};
		525B46161BBE853C001EE6A3 /* 我的世界资讯DemoTests */ = {
			isa = PBXNativeTarget;
			buildConfigurationList = 525B46241BBE853C001EE6A3 /* Build configuration list for PBXNativeTarget "我的世界资讯DemoTests" */;
			buildPhases = (
				525B46131BBE853C001EE6A3 /* Sources */,
				525B46141BBE853C001EE6A3 /* Frameworks */,
				525B46151BBE853C001EE6A3 /* Resources */,
			);
			buildRules = (
			);
			dependencies = (
				525B46191BBE853C001EE6A3 /* PBXTargetDependency */,
			);
			name = "我的世界资讯DemoTests";
			productName = "我的世界资讯DemoTests";
			productReference = 525B46171BBE853C001EE6A3 /* 我的世界资讯DemoTests.xctest */;
			productType = "com.apple.product-type.bundle.unit-test";
		};
/* End PBXNativeTarget section */

/* Begin PBXProject section */
		525B45F31BBE853C001EE6A3 /* Project object */ = {
			isa = PBXProject;
			attributes = {
				LastUpgradeCheck = 0640;
				ORGANIZATIONNAME = Lafree;
				TargetAttributes = {
					525B45FA1BBE853C001EE6A3 = {
						CreatedOnToolsVersion = 6.4;
					};
					525B46161BBE853C001EE6A3 = {
						CreatedOnToolsVersion = 6.4;
						TestTargetID = 525B45FA1BBE853C001EE6A3;
					};
				};
			};
			buildConfigurationList = 525B45F61BBE853C001EE6A3 /* Build configuration list for PBXProject "我的世界资讯Demo" */;
			compatibilityVersion = "Xcode 3.2";
			developmentRegion = English;
			hasScannedForEncodings = 0;
			knownRegions = (
				en,
				Base,
			);
			mainGroup = 525B45F21BBE853C001EE6A3;
			productRefGroup = 525B45FC1BBE853C001EE6A3 /* Products */;
			projectDirPath = "";
			projectRoot = "";
			targets = (
				525B45FA1BBE853C001EE6A3 /* 我的世界资讯Demo */,
				525B46161BBE853C001EE6A3 /* 我的世界资讯DemoTests */,
			);
		};
/* End PBXProject section */

/* Begin PBXResourcesBuildPhase section */
		525B45F91BBE853C001EE6A3 /* Resources */ = {
			isa = PBXResourcesBuildPhase;
			buildActionMask = 2147483647;
			files = (
				525B460D1BBE853C001EE6A3 /* Main.storyboard in Resources */,
				525B46121BBE853C001EE6A3 /* LaunchScreen.xib in Resources */,
				525B460F1BBE853C001EE6A3 /* Images.xcassets in Resources */,
			);
			runOnlyForDeploymentPostprocessing = 0;
		};
		525B46151BBE853C001EE6A3 /* Resources */ = {
			isa = PBXResourcesBuildPhase;
			buildActionMask = 2147483647;
			files = (
			);
			runOnlyForDeploymentPostprocessing = 0;
		};
/* End PBXResourcesBuildPhase section */

/* Begin PBXSourcesBuildPhase section */
		525B45F71BBE853C001EE6A3 /* Sources */ = {
			isa = PBXSourcesBuildPhase;
			buildActionMask = 2147483647;
			files = (
				525B46041BBE853C001EE6A3 /* AppDelegate.m in Sources */,
				525B46071BBE853C001EE6A3 /* ______Demo.xcdatamodeld in Sources */,
				525B460A1BBE853C001EE6A3 /* ViewController.m in Sources */,
				52845F5A1BC0E67700D88FC8 /* TopScrollView.m in Sources */,
				525B46011BBE853C001EE6A3 /* main.m in Sources */,
			);
			runOnlyForDeploymentPostprocessing = 0;
		};
		525B46131BBE853C001EE6A3 /* Sources */ = {
			isa = PBXSourcesBuildPhase;
			buildActionMask = 2147483647;
			files = (
				525B461E1BBE853C001EE6A3 /* ______DemoTests.m in Sources */,
			);
			runOnlyForDeploymentPostprocessing = 0;
		};
/* End PBXSourcesBuildPhase section */

/* Begin PBXTargetDependency section */
		525B46191BBE853C001EE6A3 /* PBXTargetDependency */ = {
			isa = PBXTargetDependency;
			target = 525B45FA1BBE853C001EE6A3 /* 我的世界资讯Demo */;
			targetProxy = 525B46181BBE853C001EE6A3 /* PBXContainerItemProxy */;
		};
/* End PBXTargetDependency section */

/* Begin PBXVariantGroup section */
		525B460B1BBE853C001EE6A3 /* Main.storyboard */ = {
			isa = PBXVariantGroup;
			children = (
				525B460C1BBE853C001EE6A3 /* Base */,
			);
			name = Main.storyboard;
			sourceTree = "<group>";
		};
		525B46101BBE853C001EE6A3 /* LaunchScreen.xib */ = {
			isa = PBXVariantGroup;
			children = (
				525B46111BBE853C001EE6A3 /* Base */,
			);
			name = LaunchScreen.xib;
			sourceTree = "<group>";
		};
/* End PBXVariantGroup section */

/* Begin XCBuildConfiguration section */
		525B461F1BBE853C001EE6A3 /* Debug */ = {
			isa = XCBuildConfiguration;
			buildSettings = {
				ALWAYS_SEARCH_USER_PATHS = NO;
				CLANG_CXX_LANGUAGE_STANDARD = "gnu++0x";
				CLANG_CXX_LIBRARY = "libc++";
				CLANG_ENABLE_MODULES = YES;
				CLANG_ENABLE_OBJC_ARC = YES;
				CLANG_WARN_BOOL_CONVERSION = YES;
				CLANG_WARN_CONSTANT_CONVERSION = YES;
				CLANG_WARN_DIRECT_OBJC_ISA_USAGE = YES_ERROR;
				CLANG_WARN_EMPTY_BODY = YES;
				CLANG_WARN_ENUM_CONVERSION = YES;
				CLANG_WARN_INT_CONVERSION = YES;
				CLANG_WARN_OBJC_ROOT_CLASS = YES_ERROR;
				CLANG_WARN_UNREACHABLE_CODE = YES;
				CLANG_WARN__DUPLICATE_METHOD_MATCH = YES;
				"CODE_SIGN_IDENTITY[sdk=iphoneos*]" = "iPhone Developer";
				COPY_PHASE_STRIP = NO;
				DEBUG_INFORMATION_FORMAT = "dwarf-with-dsym";
				ENABLE_STRICT_OBJC_MSGSEND = YES;
				GCC_C_LANGUAGE_STANDARD = gnu99;
				GCC_DYNAMIC_NO_PIC = NO;
				GCC_NO_COMMON_BLOCKS = YES;
				GCC_OPTIMIZATION_LEVEL = 0;
				GCC_PREPROCESSOR_DEFINITIONS = (
					"DEBUG=1",
					"$(inherited)",
				);
				GCC_SYMBOLS_PRIVATE_EXTERN = NO;
				GCC_WARN_64_TO_32_BIT_CONVERSION = YES;
				GCC_WARN_ABOUT_RETURN_TYPE = YES_ERROR;
				GCC_WARN_UNDECLARED_SELECTOR = YES;
				GCC_WARN_UNINITIALIZED_AUTOS = YES_AGGRESSIVE;
				GCC_WARN_UNUSED_FUNCTION = YES;
				GCC_WARN_UNUSED_VARIABLE = YES;
				IPHONEOS_DEPLOYMENT_TARGET = 8.4;
				MTL_ENABLE_DEBUG_INFO = YES;
				ONLY_ACTIVE_ARCH = YES;
				SDKROOT = iphoneos;
			};
			name = Debug;
		};
		525B46201BBE853C001EE6A3 /* Release */ = {
			isa = XCBuildConfiguration;
			buildSettings = {
				ALWAYS_SEARCH_USER_PATHS = NO;
				CLANG_CXX_LANGUAGE_STANDARD = "gnu++0x";
				CLANG_CXX_LIBRARY = "libc++";
				CLANG_ENABLE_MODULES = YES;
				CLANG_ENABLE_OBJC_ARC = YES;
				CLANG_WARN_BOOL_CONVERSION = YES;
				CLANG_WARN_CONSTANT_CONVERSION = YES;
				CLANG_WARN_DIRECT_OBJC_ISA_USAGE = YES_ERROR;
				CLANG_WARN_EMPTY_BODY = YES;
				CLANG_WARN_ENUM_CONVERSION = YES;
				CLANG_WARN_INT_CONVERSION = YES;
				CLANG_WARN_OBJC_ROOT_CLASS = YES_ERROR;
				CLANG_WARN_UNREACHABLE_CODE = YES;
				CLANG_WARN__DUPLICATE_METHOD_MATCH = YES;
				"CODE_SIGN_IDENTITY[sdk=iphoneos*]" = "iPhone Developer";
				COPY_PHASE_STRIP = NO;
				DEBUG_INFORMATION_FORMAT = "dwarf-with-dsym";
				ENABLE_NS_ASSERTIONS = NO;
				ENABLE_STRICT_OBJC_MSGSEND = YES;
				GCC_C_LANGUAGE_STANDARD = gnu99;
				GCC_NO_COMMON_BLOCKS = YES;
				GCC_WARN_64_TO_32_BIT_CONVERSION = YES;
				GCC_WARN_ABOUT_RETURN_TYPE = YES_ERROR;
				GCC_WARN_UNDECLARED_SELECTOR = YES;
				GCC_WARN_UNINITIALIZED_AUTOS = YES_AGGRESSIVE;
				GCC_WARN_UNUSED_FUNCTION = YES;
				GCC_WARN_UNUSED_VARIABLE = YES;
				IPHONEOS_DEPLOYMENT_TARGET = 8.4;
				MTL_ENABLE_DEBUG_INFO = NO;
				SDKROOT = iphoneos;
				VALIDATE_PRODUCT = YES;
			};
			name = Release;
		};
		525B46221BBE853C001EE6A3 /* Debug */ = {
			isa = XCBuildConfiguration;
			buildSettings = {
				ASSETCATALOG_COMPILER_APPICON_NAME = AppIcon;
				INFOPLIST_FILE = "我的世界资讯Demo/Info.plist";
				LD_RUNPATH_SEARCH_PATHS = "$(inherited) @executable_path/Frameworks";
				PRODUCT_NAME = "$(TARGET_NAME)";
			};
			name = Debug;
		};
		525B46231BBE853C001EE6A3 /* Release */ = {
			isa = XCBuildConfiguration;
			buildSettings = {
				ASSETCATALOG_COMPILER_APPICON_NAME = AppIcon;
				INFOPLIST_FILE = "我的世界资讯Demo/Info.plist";
				LD_RUNPATH_SEARCH_PATHS = "$(inherited) @executable_path/Frameworks";
				PRODUCT_NAME = "$(TARGET_NAME)";
			};
			name = Release;
		};
		525B46251BBE853C001EE6A3 /* Debug */ = {
			isa = XCBuildConfiguration;
			buildSettings = {
				BUNDLE_LOADER = "$(TEST_HOST)";
				FRAMEWORK_SEARCH_PATHS = (
					"$(SDKROOT)/Developer/Library/Frameworks",
					"$(inherited)",
				);
				GCC_PREPROCESSOR_DEFINITIONS = (
					"DEBUG=1",
					"$(inherited)",
				);
				INFOPLIST_FILE = "我的世界资讯DemoTests/Info.plist";
				LD_RUNPATH_SEARCH_PATHS = "$(inherited) @executable_path/Frameworks @loader_path/Frameworks";
				PRODUCT_NAME = "$(TARGET_NAME)";
				TEST_HOST = "$(BUILT_PRODUCTS_DIR)/我的世界资讯Demo.app/我的世界资讯Demo";
			};
			name = Debug;
		};
		525B46261BBE853C001EE6A3 /* Release */ = {
			isa = XCBuildConfiguration;
			buildSettings = {
				BUNDLE_LOADER = "$(TEST_HOST)";
				FRAMEWORK_SEARCH_PATHS = (
					"$(SDKROOT)/Developer/Library/Frameworks",
					"$(inherited)",
				);
				INFOPLIST_FILE = "我的世界资讯DemoTests/Info.plist";
				LD_RUNPATH_SEARCH_PATHS = "$(inherited) @executable_path/Frameworks @loader_path/Frameworks";
				PRODUCT_NAME = "$(TARGET_NAME)";
				TEST_HOST = "$(BUILT_PRODUCTS_DIR)/我的世界资讯Demo.app/我的世界资讯Demo";
			};
			name = Release;
		};
/* End XCBuildConfiguration section */

/* Begin XCConfigurationList section */
		525B45F61BBE853C001EE6A3 /* Build configuration list for PBXProject "我的世界资讯Demo" */ = {
			isa = XCConfigurationList;
			buildConfigurations = (
				525B461F1BBE853C001EE6A3 /* Debug */,
				525B46201BBE853C001EE6A3 /* Release */,
			);
			defaultConfigurationIsVisible = 0;
			defaultConfigurationName = Release;
		};
		525B46211BBE853C001EE6A3 /* Build configuration list for PBXNativeTarget "我的世界资讯Demo" */ = {
			isa = XCConfigurationList;
			buildConfigurations = (
				525B46221BBE853C001EE6A3 /* Debug */,
				525B46231BBE853C001EE6A3 /* Release */,
			);
			defaultConfigurationIsVisible = 0;
			defaultConfigurationName = Release;
		};
		525B46241BBE853C001EE6A3 /* Build configuration list for PBXNativeTarget "我的世界资讯DemoTests" */ = {
			isa = XCConfigurationList;
			buildConfigurations = (
				525B46251BBE853C001EE6A3 /* Debug */,
				525B46261BBE853C001EE6A3 /* Release */,
			);
			defaultConfigurationIsVisible = 0;
			defaultConfigurationName = Release;
		};
/* End XCConfigurationList section */

/* Begin XCVersionGroup section */
		525B46051BBE853C001EE6A3 /* ______Demo.xcdatamodeld */ = {
			isa = XCVersionGroup;
			children = (
				525B46061BBE853C001EE6A3 /* ______Demo.xcdatamodel */,
			);
			currentVersion = 525B46061BBE853C001EE6A3 /* ______Demo.xcdatamodel */;
			path = "______Demo.xcdatamodeld";
			sourceTree = "<group>";
			versionGroupType = wrapper.xcdatamodel;
		};
/* End XCVersionGroup section */
	};
	rootObject = 525B45F31BBE853C001EE6A3 /* Project object */;
}
